// !$*UTF8*$!
{
	archiveVersion = 1;
	classes = {
	};
	objectVersion = 46;
	objects = {

/* Begin PBXBuildFile section */
		52000CB31E916A5F00AB4A6C /* Authorizer.swift in Sources */ = {isa = PBXBuildFile; fileRef = 52000CB21E916A5F00AB4A6C /* Authorizer.swift */; };
		52000CB51E916B0800AB4A6C /* AuthState.swift in Sources */ = {isa = PBXBuildFile; fileRef = 52000CB41E916B0800AB4A6C /* AuthState.swift */; };
		52000CB71E918AF400AB4A6C /* Song.swift in Sources */ = {isa = PBXBuildFile; fileRef = 52000CB61E918AF400AB4A6C /* Song.swift */; };
		52000CB91E919D5C00AB4A6C /* Artist.swift in Sources */ = {isa = PBXBuildFile; fileRef = 52000CB81E919D5C00AB4A6C /* Artist.swift */; };
		52000CBB1E919DA600AB4A6C /* Album.swift in Sources */ = {isa = PBXBuildFile; fileRef = 52000CBA1E919DA600AB4A6C /* Album.swift */; };
		52000CBF1E91ADBF00AB4A6C /* Features.swift in Sources */ = {isa = PBXBuildFile; fileRef = 52000CBE1E91ADBF00AB4A6C /* Features.swift */; };
		52184FEA1E913D9D00DFEB49 /* AppDelegate.swift in Sources */ = {isa = PBXBuildFile; fileRef = 52184FE91E913D9D00DFEB49 /* AppDelegate.swift */; };
		52184FEC1E913D9D00DFEB49 /* MainViewController.swift in Sources */ = {isa = PBXBuildFile; fileRef = 52184FEB1E913D9D00DFEB49 /* MainViewController.swift */; };
		52184FEE1E913D9D00DFEB49 /* Assets.xcassets in Resources */ = {isa = PBXBuildFile; fileRef = 52184FED1E913D9D00DFEB49 /* Assets.xcassets */; };
		52184FF11E913D9D00DFEB49 /* Main.storyboard in Resources */ = {isa = PBXBuildFile; fileRef = 52184FEF1E913D9D00DFEB49 /* Main.storyboard */; };
		52184FF91E913FF000DFEB49 /* SpotifyAPI.swift in Sources */ = {isa = PBXBuildFile; fileRef = 52184FF81E913FF000DFEB49 /* SpotifyAPI.swift */; };
		527E3C7A1E9143BE00AE05AB /* .client-id in Resources */ = {isa = PBXBuildFile; fileRef = 527E3C781E9143BE00AE05AB /* .client-id */; };
		527E3C7B1E9143BE00AE05AB /* .client-secret in Resources */ = {isa = PBXBuildFile; fileRef = 527E3C791E9143BE00AE05AB /* .client-secret */; };
		AFC18DA077A4568309F56495 /* Pods_Song_Traits.framework in Frameworks */ = {isa = PBXBuildFile; fileRef = 280546BCCAD3E72476596F05 /* Pods_Song_Traits.framework */; };
/* End PBXBuildFile section */

/* Begin PBXFileReference section */
		0B08B056B5D3FF27F3726D38 /* Pods-Song Traits.debug.xcconfig */ = {isa = PBXFileReference; includeInIndex = 1; lastKnownFileType = text.xcconfig; name = "Pods-Song Traits.debug.xcconfig"; path = "Pods/Target Support Files/Pods-Song Traits/Pods-Song Traits.debug.xcconfig"; sourceTree = "<group>"; };
		26B5BAD33EBF28184986C7B5 /* Pods-Song Traits.release.xcconfig */ = {isa = PBXFileReference; includeInIndex = 1; lastKnownFileType = text.xcconfig; name = "Pods-Song Traits.release.xcconfig"; path = "Pods/Target Support Files/Pods-Song Traits/Pods-Song Traits.release.xcconfig"; sourceTree = "<group>"; };
		280546BCCAD3E72476596F05 /* Pods_Song_Traits.framework */ = {isa = PBXFileReference; explicitFileType = wrapper.framework; includeInIndex = 0; path = Pods_Song_Traits.framework; sourceTree = BUILT_PRODUCTS_DIR; };
		52000CB21E916A5F00AB4A6C /* Authorizer.swift */ = {isa = PBXFileReference; fileEncoding = 4; lastKnownFileType = sourcecode.swift; path = Authorizer.swift; sourceTree = "<group>"; };
		52000CB41E916B0800AB4A6C /* AuthState.swift */ = {isa = PBXFileReference; fileEncoding = 4; lastKnownFileType = sourcecode.swift; path = AuthState.swift; sourceTree = "<group>"; };
		52000CB61E918AF400AB4A6C /* Song.swift */ = {isa = PBXFileReference; fileEncoding = 4; lastKnownFileType = sourcecode.swift; path = Song.swift; sourceTree = "<group>"; };
		52000CB81E919D5C00AB4A6C /* Artist.swift */ = {isa = PBXFileReference; fileEncoding = 4; lastKnownFileType = sourcecode.swift; path = Artist.swift; sourceTree = "<group>"; };
		52000CBA1E919DA600AB4A6C /* Album.swift */ = {isa = PBXFileReference; fileEncoding = 4; lastKnownFileType = sourcecode.swift; path = Album.swift; sourceTree = "<group>"; };
		52000CBE1E91ADBF00AB4A6C /* Features.swift */ = {isa = PBXFileReference; fileEncoding = 4; lastKnownFileType = sourcecode.swift; path = Features.swift; sourceTree = "<group>"; };
		52184FE61E913D9D00DFEB49 /* Song Traits.app */ = {isa = PBXFileReference; explicitFileType = wrapper.application; includeInIndex = 0; path = "Song Traits.app"; sourceTree = BUILT_PRODUCTS_DIR; };
		52184FE91E913D9D00DFEB49 /* AppDelegate.swift */ = {isa = PBXFileReference; lastKnownFileType = sourcecode.swift; path = AppDelegate.swift; sourceTree = "<group>"; };
		52184FEB1E913D9D00DFEB49 /* MainViewController.swift */ = {isa = PBXFileReference; lastKnownFileType = sourcecode.swift; name = MainViewController.swift; path = Controllers/MainViewController.swift; sourceTree = "<group>"; };
		52184FED1E913D9D00DFEB49 /* Assets.xcassets */ = {isa = PBXFileReference; lastKnownFileType = folder.assetcatalog; path = Assets.xcassets; sourceTree = "<group>"; };
		52184FF01E913D9D00DFEB49 /* Base */ = {isa = PBXFileReference; lastKnownFileType = file.storyboard; name = Base; path = Base.lproj/Main.storyboard; sourceTree = "<group>"; };
		52184FF21E913D9D00DFEB49 /* Info.plist */ = {isa = PBXFileReference; lastKnownFileType = text.plist.xml; path = Info.plist; sourceTree = "<group>"; };
		52184FF81E913FF000DFEB49 /* SpotifyAPI.swift */ = {isa = PBXFileReference; fileEncoding = 4; lastKnownFileType = sourcecode.swift; path = SpotifyAPI.swift; sourceTree = "<group>"; };
		527E3C781E9143BE00AE05AB /* .client-id */ = {isa = PBXFileReference; fileEncoding = 4; lastKnownFileType = text; path = ".client-id"; sourceTree = "<group>"; };
		527E3C791E9143BE00AE05AB /* .client-secret */ = {isa = PBXFileReference; fileEncoding = 4; lastKnownFileType = text; path = ".client-secret"; sourceTree = "<group>"; };
/* End PBXFileReference section */

/* Begin PBXFrameworksBuildPhase section */
		52184FE31E913D9D00DFEB49 /* Frameworks */ = {
			isa = PBXFrameworksBuildPhase;
			buildActionMask = 2147483647;
			files = (
				AFC18DA077A4568309F56495 /* Pods_Song_Traits.framework in Frameworks */,
			);
			runOnlyForDeploymentPostprocessing = 0;
		};
/* End PBXFrameworksBuildPhase section */

/* Begin PBXGroup section */
		311E2BE2FE1450B573CDDA98 /* Frameworks */ = {
			isa = PBXGroup;
			children = (
				280546BCCAD3E72476596F05 /* Pods_Song_Traits.framework */,
			);
			name = Frameworks;
			sourceTree = "<group>";
		};
		52184FDD1E913D9D00DFEB49 = {
			isa = PBXGroup;
			children = (
				52184FE81E913D9D00DFEB49 /* Song Traits */,
				52184FE71E913D9D00DFEB49 /* Products */,
				66D3E462D1BB54101F8A4CC7 /* Pods */,
				311E2BE2FE1450B573CDDA98 /* Frameworks */,
			);
			sourceTree = "<group>";
		};
		52184FE71E913D9D00DFEB49 /* Products */ = {
			isa = PBXGroup;
			children = (
				52184FE61E913D9D00DFEB49 /* Song Traits.app */,
			);
			name = Products;
			sourceTree = "<group>";
		};
		52184FE81E913D9D00DFEB49 /* Song Traits */ = {
			isa = PBXGroup;
			children = (
				527CB0E41E91BCFA0030C314 /* Controllers */,
				527CB0E31E91BCD90030C314 /* Model */,
				527CB0E51E91BD140030C314 /* Supporting Files */,
			);
			path = "Song Traits";
			sourceTree = "<group>";
		};
		527CB0E31E91BCD90030C314 /* Model */ = {
			isa = PBXGroup;
			children = (
				52000CBA1E919DA600AB4A6C /* Album.swift */,
				52000CB81E919D5C00AB4A6C /* Artist.swift */,
				52000CB21E916A5F00AB4A6C /* Authorizer.swift */,
				52000CB41E916B0800AB4A6C /* AuthState.swift */,
				52000CBE1E91ADBF00AB4A6C /* Features.swift */,
				52000CB61E918AF400AB4A6C /* Song.swift */,
				52184FF81E913FF000DFEB49 /* SpotifyAPI.swift */,
			);
			path = Model;
			sourceTree = "<group>";
		};
		527CB0E41E91BCFA0030C314 /* Controllers */ = {
			isa = PBXGroup;
			children = (
				52184FEB1E913D9D00DFEB49 /* MainViewController.swift */,
			);
			name = Controllers;
			sourceTree = "<group>";
		};
		527CB0E51E91BD140030C314 /* Supporting Files */ = {
			isa = PBXGroup;
			children = (
				52184FE91E913D9D00DFEB49 /* AppDelegate.swift */,
				52184FED1E913D9D00DFEB49 /* Assets.xcassets */,
				52184FEF1E913D9D00DFEB49 /* Main.storyboard */,
				52184FF21E913D9D00DFEB49 /* Info.plist */,
				527E3C781E9143BE00AE05AB /* .client-id */,
				527E3C791E9143BE00AE05AB /* .client-secret */,
			);
			name = "Supporting Files";
			sourceTree = "<group>";
		};
		66D3E462D1BB54101F8A4CC7 /* Pods */ = {
			isa = PBXGroup;
			children = (
				0B08B056B5D3FF27F3726D38 /* Pods-Song Traits.debug.xcconfig */,
				26B5BAD33EBF28184986C7B5 /* Pods-Song Traits.release.xcconfig */,
			);
			name = Pods;
			sourceTree = "<group>";
		};
/* End PBXGroup section */

/* Begin PBXNativeTarget section */
		52184FE51E913D9D00DFEB49 /* Song Traits */ = {
			isa = PBXNativeTarget;
			buildConfigurationList = 52184FF51E913D9D00DFEB49 /* Build configuration list for PBXNativeTarget "Song Traits" */;
			buildPhases = (
				330D8B69E7304A3B170E8C2C /* [CP] Check Pods Manifest.lock */,
				52184FE21E913D9D00DFEB49 /* Sources */,
				52184FE31E913D9D00DFEB49 /* Frameworks */,
				52184FE41E913D9D00DFEB49 /* Resources */,
				7F80564787406C4D604A9466 /* [CP] Embed Pods Frameworks */,
				8CFE8359DE338A648D2DF603 /* [CP] Copy Pods Resources */,
				528AE6AE1E91C08500EDE8F3 /* ShellScript */,
			);
			buildRules = (
			);
			dependencies = (
			);
			name = "Song Traits";
			productName = "Song Traits";
			productReference = 52184FE61E913D9D00DFEB49 /* Song Traits.app */;
			productType = "com.apple.product-type.application";
		};
/* End PBXNativeTarget section */

/* Begin PBXProject section */
		52184FDE1E913D9D00DFEB49 /* Project object */ = {
			isa = PBXProject;
			attributes = {
				LastSwiftUpdateCheck = 0830;
				LastUpgradeCheck = 0830;
				ORGANIZATIONNAME = Bruce32;
				TargetAttributes = {
					52184FE51E913D9D00DFEB49 = {
						CreatedOnToolsVersion = 8.3;
						DevelopmentTeam = UVXX33WP85;
						ProvisioningStyle = Automatic;
					};
				};
			};
			buildConfigurationList = 52184FE11E913D9D00DFEB49 /* Build configuration list for PBXProject "Song Traits" */;
			compatibilityVersion = "Xcode 3.2";
			developmentRegion = English;
			hasScannedForEncodings = 0;
			knownRegions = (
				en,
				Base,
			);
			mainGroup = 52184FDD1E913D9D00DFEB49;
			productRefGroup = 52184FE71E913D9D00DFEB49 /* Products */;
			projectDirPath = "";
			projectRoot = "";
			targets = (
				52184FE51E913D9D00DFEB49 /* Song Traits */,
			);
		};
/* End PBXProject section */

/* Begin PBXResourcesBuildPhase section */
		52184FE41E913D9D00DFEB49 /* Resources */ = {
			isa = PBXResourcesBuildPhase;
			buildActionMask = 2147483647;
			files = (
				52184FEE1E913D9D00DFEB49 /* Assets.xcassets in Resources */,
				52184FF11E913D9D00DFEB49 /* Main.storyboard in Resources */,
				527E3C7B1E9143BE00AE05AB /* .client-secret in Resources */,
				527E3C7A1E9143BE00AE05AB /* .client-id in Resources */,
			);
			runOnlyForDeploymentPostprocessing = 0;
		};
/* End PBXResourcesBuildPhase section */

/* Begin PBXShellScriptBuildPhase section */
		330D8B69E7304A3B170E8C2C /* [CP] Check Pods Manifest.lock */ = {
			isa = PBXShellScriptBuildPhase;
			buildActionMask = 2147483647;
			files = (
			);
			inputPaths = (
			);
			name = "[CP] Check Pods Manifest.lock";
			outputPaths = (
			);
			runOnlyForDeploymentPostprocessing = 0;
			shellPath = /bin/sh;
			shellScript = "diff \"${PODS_ROOT}/../Podfile.lock\" \"${PODS_ROOT}/Manifest.lock\" > /dev/null\nif [ $? != 0 ] ; then\n    # print error to STDERR\n    echo \"error: The sandbox is not in sync with the Podfile.lock. Run 'pod install' or update your CocoaPods installation.\" >&2\n    exit 1\nfi\n";
			showEnvVarsInLog = 0;
		};
		528AE6AE1E91C08500EDE8F3 /* ShellScript */ = {
			isa = PBXShellScriptBuildPhase;
			buildActionMask = 2147483647;
			files = (
			);
			inputPaths = (
			);
			outputPaths = (
			);
			runOnlyForDeploymentPostprocessing = 0;
			shellPath = /bin/sh;
			shellScript = "if which swiftlint >/dev/null; then\nswiftlint\nelse\necho \"warning: SwiftLint not installed, download from https://github.com/realm/SwiftLint\"\nfi";
		};
		7F80564787406C4D604A9466 /* [CP] Embed Pods Frameworks */ = {
			isa = PBXShellScriptBuildPhase;
			buildActionMask = 2147483647;
			files = (
			);
			inputPaths = (
			);
			name = "[CP] Embed Pods Frameworks";
			outputPaths = (
			);
			runOnlyForDeploymentPostprocessing = 0;
			shellPath = /bin/sh;
			shellScript = "\"${SRCROOT}/Pods/Target Support Files/Pods-Song Traits/Pods-Song Traits-frameworks.sh\"\n";
			showEnvVarsInLog = 0;
		};
		8CFE8359DE338A648D2DF603 /* [CP] Copy Pods Resources */ = {
			isa = PBXShellScriptBuildPhase;
			buildActionMask = 2147483647;
			files = (
			);
			inputPaths = (
			);
			name = "[CP] Copy Pods Resources";
			outputPaths = (
			);
			runOnlyForDeploymentPostprocessing = 0;
			shellPath = /bin/sh;
			shellScript = "\"${SRCROOT}/Pods/Target Support Files/Pods-Song Traits/Pods-Song Traits-resources.sh\"\n";
			showEnvVarsInLog = 0;
		};
/* End PBXShellScriptBuildPhase section */

/* Begin PBXSourcesBuildPhase section */
		52184FE21E913D9D00DFEB49 /* Sources */ = {
			isa = PBXSourcesBuildPhase;
			buildActionMask = 2147483647;
			files = (
				52000CBF1E91ADBF00AB4A6C /* Features.swift in Sources */,
				52000CB71E918AF400AB4A6C /* Song.swift in Sources */,
				52000CB31E916A5F00AB4A6C /* Authorizer.swift in Sources */,
				52184FF91E913FF000DFEB49 /* SpotifyAPI.swift in Sources */,
				52000CB51E916B0800AB4A6C /* AuthState.swift in Sources */,
				52184FEC1E913D9D00DFEB49 /* MainViewController.swift in Sources */,
				52184FEA1E913D9D00DFEB49 /* AppDelegate.swift in Sources */,
				52000CB91E919D5C00AB4A6C /* Artist.swift in Sources */,
				52000CBB1E919DA600AB4A6C /* Album.swift in Sources */,
			);
			runOnlyForDeploymentPostprocessing = 0;
		};
/* End PBXSourcesBuildPhase section */

/* Begin PBXVariantGroup section */
		52184FEF1E913D9D00DFEB49 /* Main.storyboard */ = {
			isa = PBXVariantGroup;
			children = (
				52184FF01E913D9D00DFEB49 /* Base */,
			);
			name = Main.storyboard;
			sourceTree = "<group>";
		};
/* End PBXVariantGroup section */

/* Begin XCBuildConfiguration section */
		52184FF31E913D9D00DFEB49 /* Debug */ = {
			isa = XCBuildConfiguration;
			buildSettings = {
				ALWAYS_SEARCH_USER_PATHS = NO;
				CLANG_ANALYZER_NONNULL = YES;
				CLANG_ANALYZER_NUMBER_OBJECT_CONVERSION = YES_AGGRESSIVE;
				CLANG_CXX_LANGUAGE_STANDARD = "gnu++0x";
				CLANG_CXX_LIBRARY = "libc++";
				CLANG_ENABLE_MODULES = YES;
				CLANG_ENABLE_OBJC_ARC = YES;
				CLANG_WARN_BOOL_CONVERSION = YES;
				CLANG_WARN_CONSTANT_CONVERSION = YES;
				CLANG_WARN_DIRECT_OBJC_ISA_USAGE = YES_ERROR;
				CLANG_WARN_DOCUMENTATION_COMMENTS = YES;
				CLANG_WARN_EMPTY_BODY = YES;
				CLANG_WARN_ENUM_CONVERSION = YES;
				CLANG_WARN_INFINITE_RECURSION = YES;
				CLANG_WARN_INT_CONVERSION = YES;
				CLANG_WARN_OBJC_ROOT_CLASS = YES_ERROR;
				CLANG_WARN_SUSPICIOUS_MOVE = YES;
				CLANG_WARN_UNREACHABLE_CODE = YES;
				CLANG_WARN__DUPLICATE_METHOD_MATCH = YES;
				CODE_SIGN_IDENTITY = "-";
				COPY_PHASE_STRIP = NO;
				DEBUG_INFORMATION_FORMAT = dwarf;
				ENABLE_STRICT_OBJC_MSGSEND = YES;
				ENABLE_TESTABILITY = YES;
				GCC_C_LANGUAGE_STANDARD = gnu99;
				GCC_DYNAMIC_NO_PIC = NO;
				GCC_NO_COMMON_BLOCKS = YES;
				GCC_OPTIMIZATION_LEVEL = 0;
				GCC_PREPROCESSOR_DEFINITIONS = (
					"DEBUG=1",
					"$(inherited)",
				);
				GCC_WARN_64_TO_32_BIT_CONVERSION = YES;
				GCC_WARN_ABOUT_RETURN_TYPE = YES_ERROR;
				GCC_WARN_UNDECLARED_SELECTOR = YES;
				GCC_WARN_UNINITIALIZED_AUTOS = YES_AGGRESSIVE;
				GCC_WARN_UNUSED_FUNCTION = YES;
				GCC_WARN_UNUSED_VARIABLE = YES;
				MACOSX_DEPLOYMENT_TARGET = 10.12;
				MTL_ENABLE_DEBUG_INFO = YES;
				ONLY_ACTIVE_ARCH = YES;
				SDKROOT = macosx;
				SWIFT_ACTIVE_COMPILATION_CONDITIONS = DEBUG;
				SWIFT_OPTIMIZATION_LEVEL = "-Onone";
			};
			name = Debug;
		};
		52184FF41E913D9D00DFEB49 /* Release */ = {
			isa = XCBuildConfiguration;
			buildSettings = {
				ALWAYS_SEARCH_USER_PATHS = NO;
				CLANG_ANALYZER_NONNULL = YES;
				CLANG_ANALYZER_NUMBER_OBJECT_CONVERSION = YES_AGGRESSIVE;
				CLANG_CXX_LANGUAGE_STANDARD = "gnu++0x";
				CLANG_CXX_LIBRARY = "libc++";
				CLANG_ENABLE_MODULES = YES;
				CLANG_ENABLE_OBJC_ARC = YES;
				CLANG_WARN_BOOL_CONVERSION = YES;
				CLANG_WARN_CONSTANT_CONVERSION = YES;
				CLANG_WARN_DIRECT_OBJC_ISA_USAGE = YES_ERROR;
				CLANG_WARN_DOCUMENTATION_COMMENTS = YES;
				CLANG_WARN_EMPTY_BODY = YES;
				CLANG_WARN_ENUM_CONVERSION = YES;
				CLANG_WARN_INFINITE_RECURSION = YES;
				CLANG_WARN_INT_CONVERSION = YES;
				CLANG_WARN_OBJC_ROOT_CLASS = YES_ERROR;
				CLANG_WARN_SUSPICIOUS_MOVE = YES;
				CLANG_WARN_UNREACHABLE_CODE = YES;
				CLANG_WARN__DUPLICATE_METHOD_MATCH = YES;
				CODE_SIGN_IDENTITY = "-";
				COPY_PHASE_STRIP = NO;
				DEBUG_INFORMATION_FORMAT = "dwarf-with-dsym";
				ENABLE_NS_ASSERTIONS = NO;
				ENABLE_STRICT_OBJC_MSGSEND = YES;
				GCC_C_LANGUAGE_STANDARD = gnu99;
				GCC_NO_COMMON_BLOCKS = YES;
				GCC_WARN_64_TO_32_BIT_CONVERSION = YES;
				GCC_WARN_ABOUT_RETURN_TYPE = YES_ERROR;
				GCC_WARN_UNDECLARED_SELECTOR = YES;
				GCC_WARN_UNINITIALIZED_AUTOS = YES_AGGRESSIVE;
				GCC_WARN_UNUSED_FUNCTION = YES;
				GCC_WARN_UNUSED_VARIABLE = YES;
				MACOSX_DEPLOYMENT_TARGET = 10.12;
				MTL_ENABLE_DEBUG_INFO = NO;
				SDKROOT = macosx;
				SWIFT_OPTIMIZATION_LEVEL = "-Owholemodule";
			};
			name = Release;
		};
		52184FF61E913D9D00DFEB49 /* Debug */ = {
			isa = XCBuildConfiguration;
			baseConfigurationReference = 0B08B056B5D3FF27F3726D38 /* Pods-Song Traits.debug.xcconfig */;
			buildSettings = {
				ASSETCATALOG_COMPILER_APPICON_NAME = AppIcon;
				COMBINE_HIDPI_IMAGES = YES;
				DEVELOPMENT_TEAM = UVXX33WP85;
				INFOPLIST_FILE = "Song Traits/Info.plist";
				LD_RUNPATH_SEARCH_PATHS = "$(inherited) @executable_path/../Frameworks";
				PRODUCT_BUNDLE_IDENTIFIER = "com.bruce32.Song-Traits";
				PRODUCT_NAME = "$(TARGET_NAME)";
				SWIFT_VERSION = 3.0;
			};
			name = Debug;
		};
		52184FF71E913D9D00DFEB49 /* Release */ = {
			isa = XCBuildConfiguration;
			baseConfigurationReference = 26B5BAD33EBF28184986C7B5 /* Pods-Song Traits.release.xcconfig */;
			buildSettings = {
				ASSETCATALOG_COMPILER_APPICON_NAME = AppIcon;
				COMBINE_HIDPI_IMAGES = YES;
				DEVELOPMENT_TEAM = UVXX33WP85;
				INFOPLIST_FILE = "Song Traits/Info.plist";
				LD_RUNPATH_SEARCH_PATHS = "$(inherited) @executable_path/../Frameworks";
				PRODUCT_BUNDLE_IDENTIFIER = "com.bruce32.Song-Traits";
				PRODUCT_NAME = "$(TARGET_NAME)";
				SWIFT_VERSION = 3.0;
			};
			name = Release;
		};
/* End XCBuildConfiguration section */

/* Begin XCConfigurationList section */
		52184FE11E913D9D00DFEB49 /* Build configuration list for PBXProject "Song Traits" */ = {
			isa = XCConfigurationList;
			buildConfigurations = (
				52184FF31E913D9D00DFEB49 /* Debug */,
				52184FF41E913D9D00DFEB49 /* Release */,
			);
			defaultConfigurationIsVisible = 0;
			defaultConfigurationName = Release;
		};
		52184FF51E913D9D00DFEB49 /* Build configuration list for PBXNativeTarget "Song Traits" */ = {
			isa = XCConfigurationList;
			buildConfigurations = (
				52184FF61E913D9D00DFEB49 /* Debug */,
				52184FF71E913D9D00DFEB49 /* Release */,
			);
			defaultConfigurationIsVisible = 0;
			defaultConfigurationName = Release;
		};
/* End XCConfigurationList section */
	};
	rootObject = 52184FDE1E913D9D00DFEB49 /* Project object */;
}
